
Microsoft Visual Studio Solution File, Format Version 12.00
# Visual Studio Version 17
VisualStudioVersion = 17.5.33502.453
MinimumVisualStudioVersion = 10.0.40219.1
Project("{FAE04EC0-301F-11D3-BF4B-00C04F79EFBC}") = "OOTPLab7", "OOTPLab7.csproj", "{05F02C39-4D0A-4179-BEC4-3CB7DEC0D0E5}"
EndProject
Global
	GlobalSection(SolutionConfigurationPlatforms) = preSolution
		Debug|Any CPU = Debug|Any CPU
		Release|Any CPU = Release|Any CPU
	EndGlobalSection
	GlobalSection(ProjectConfigurationPlatforms) = postSolution
		{05F02C39-4D0A-4179-BEC4-3CB7DEC0D0E5}.Debug|Any CPU.ActiveCfg = Debug|Any CPU
		{05F02C39-4D0A-4179-BEC4-3CB7DEC0D0E5}.Debug|Any CPU.Build.0 = Debug|Any CPU
		{05F02C39-4D0A-4179-BEC4-3CB7DEC0D0E5}.Release|Any CPU.ActiveCfg = Release|Any CPU
		{05F02C39-4D0A-4179-BEC4-3CB7DEC0D0E5}.Release|Any CPU.Build.0 = Release|Any CPU
	EndGlobalSection
	GlobalSection(SolutionProperties) = preSolution
		HideSolutionNode = FALSE
	EndGlobalSection
	GlobalSection(ExtensibilityGlobals) = postSolution
		SolutionGuid = {656A403F-A74D-456D-A6F2-524C84105A6D}
	EndGlobalSection
EndGlobal
